// !$*UTF8*$!
{
	archiveVersion = 1;
	classes = {
	};
	objectVersion = 48;
	objects = {

/* Begin PBXBuildFile section */
		6315E37C1F8FDE51009D1E07 /* AppDelegate.swift in Sources */ = {isa = PBXBuildFile; fileRef = 6315E37B1F8FDE51009D1E07 /* AppDelegate.swift */; };
		6315E3831F8FDE51009D1E07 /* Assets.xcassets in Resources */ = {isa = PBXBuildFile; fileRef = 6315E3821F8FDE51009D1E07 /* Assets.xcassets */; };
		6315E3A11F8FDFBB009D1E07 /* User.swift in Sources */ = {isa = PBXBuildFile; fileRef = 6315E3A01F8FDFBB009D1E07 /* User.swift */; };
		6315E3A31F8FDFC2009D1E07 /* Post.swift in Sources */ = {isa = PBXBuildFile; fileRef = 6315E3A21F8FDFC2009D1E07 /* Post.swift */; };
		6315E3A51F8FE038009D1E07 /* Address.swift in Sources */ = {isa = PBXBuildFile; fileRef = 6315E3A41F8FE038009D1E07 /* Address.swift */; };
		6315E3AA1F8FE0F4009D1E07 /* User.json in Resources */ = {isa = PBXBuildFile; fileRef = 6315E3A91F8FE0F4009D1E07 /* User.json */; };
		6315E3AC1F8FE113009D1E07 /* Post.json in Resources */ = {isa = PBXBuildFile; fileRef = 6315E3AB1F8FE113009D1E07 /* Post.json */; };
		6315E3B11F8FE170009D1E07 /* Address.json in Resources */ = {isa = PBXBuildFile; fileRef = 6315E3B01F8FE170009D1E07 /* Address.json */; };
		6315E3B61F8FE4DA009D1E07 /* Rswift.framework in Frameworks */ = {isa = PBXBuildFile; fileRef = 6315E3B51F8FE4DA009D1E07 /* Rswift.framework */; };
		6315E3B71F8FE4E9009D1E07 /* Rswift.framework in Frameworks */ = {isa = PBXBuildFile; fileRef = 6315E3B51F8FE4DA009D1E07 /* Rswift.framework */; };
		6315E3B91F8FE7C8009D1E07 /* UserTests.swift in Sources */ = {isa = PBXBuildFile; fileRef = 6315E3B81F8FE7C8009D1E07 /* UserTests.swift */; };
		6315E3C41F8FE877009D1E07 /* R.generated.swift in Sources */ = {isa = PBXBuildFile; fileRef = 6315E3C31F8FE831009D1E07 /* R.generated.swift */; };
		6315E3C91F8FEA36009D1E07 /* Rswift.framework in CopyFiles */ = {isa = PBXBuildFile; fileRef = 6315E3B51F8FE4DA009D1E07 /* Rswift.framework */; settings = {ATTRIBUTES = (CodeSignOnCopy, RemoveHeadersOnCopy, ); }; };
		6315E3CC1F8FEA69009D1E07 /* Rswift.framework in CopyFiles */ = {isa = PBXBuildFile; fileRef = 6315E3B51F8FE4DA009D1E07 /* Rswift.framework */; settings = {ATTRIBUTES = (CodeSignOnCopy, RemoveHeadersOnCopy, ); }; };
		6315E3CD1F8FEAA7009D1E07 /* Users.storyboard in Resources */ = {isa = PBXBuildFile; fileRef = 6315E39C1F8FDEE1009D1E07 /* Users.storyboard */; };
		6315E3CE1F8FEAAA009D1E07 /* LaunchScreen.storyboard in Resources */ = {isa = PBXBuildFile; fileRef = 6315E39D1F8FDEE1009D1E07 /* LaunchScreen.storyboard */; };
		636AB9CF1F900245006192F8 /* Posts.storyboard in Resources */ = {isa = PBXBuildFile; fileRef = 636AB9CE1F900245006192F8 /* Posts.storyboard */; };
		636AB9D11F900B9B006192F8 /* Main.storyboard in Resources */ = {isa = PBXBuildFile; fileRef = 636AB9D01F900B9B006192F8 /* Main.storyboard */; };
		636AB9D31F900C3A006192F8 /* RootViewController.swift in Sources */ = {isa = PBXBuildFile; fileRef = 636AB9D21F900C3A006192F8 /* RootViewController.swift */; };
		636AB9D91F901F2D006192F8 /* StyleProxy.swift in Sources */ = {isa = PBXBuildFile; fileRef = 636AB9D81F901F2D006192F8 /* StyleProxy.swift */; };
		63D3B1C61F8FEBC500A4E499 /* AddressTests.swift in Sources */ = {isa = PBXBuildFile; fileRef = 63D3B1C51F8FEBC500A4E499 /* AddressTests.swift */; };
		63D3B1C81F8FEC7800A4E499 /* PostTests.swift in Sources */ = {isa = PBXBuildFile; fileRef = 63D3B1C71F8FEC7800A4E499 /* PostTests.swift */; };
		63D3B1CA1F8FED0D00A4E499 /* UserService.swift in Sources */ = {isa = PBXBuildFile; fileRef = 63D3B1C91F8FED0D00A4E499 /* UserService.swift */; };
		63D3B1CC1F8FED4B00A4E499 /* UserRepository.swift in Sources */ = {isa = PBXBuildFile; fileRef = 63D3B1CB1F8FED4B00A4E499 /* UserRepository.swift */; };
		63D3B1CE1F8FED9F00A4E499 /* PostService.swift in Sources */ = {isa = PBXBuildFile; fileRef = 63D3B1CD1F8FED9F00A4E499 /* PostService.swift */; };
		63D3B1D01F8FEDD000A4E499 /* PostRepository.swift in Sources */ = {isa = PBXBuildFile; fileRef = 63D3B1CF1F8FEDD000A4E499 /* PostRepository.swift */; };
		63D3B1D21F8FEE2700A4E499 /* APIUserRepository.swift in Sources */ = {isa = PBXBuildFile; fileRef = 63D3B1D11F8FEE2700A4E499 /* APIUserRepository.swift */; };
		63D3B1D61F8FEE4200A4E499 /* APIPostRepository.swift in Sources */ = {isa = PBXBuildFile; fileRef = 63D3B1D51F8FEE4200A4E499 /* APIPostRepository.swift */; };
		63D3B1D81F8FF0BD00A4E499 /* APIUserRepositoryTests.swift in Sources */ = {isa = PBXBuildFile; fileRef = 63D3B1D71F8FF0BD00A4E499 /* APIUserRepositoryTests.swift */; };
		63D3B1DA1F8FF0CB00A4E499 /* APIPostRepositoryTests.swift in Sources */ = {isa = PBXBuildFile; fileRef = 63D3B1D91F8FF0CB00A4E499 /* APIPostRepositoryTests.swift */; };
		63D3B1DC1F8FF4D500A4E499 /* NetworkSession.swift in Sources */ = {isa = PBXBuildFile; fileRef = 63D3B1DB1F8FF4D500A4E499 /* NetworkSession.swift */; };
		63D3B1DF1F8FF67400A4E499 /* FileNetworkSession.swift in Sources */ = {isa = PBXBuildFile; fileRef = 63D3B1DE1F8FF67400A4E499 /* FileNetworkSession.swift */; };
		63D3B1E61F8FF80D00A4E499 /* UsersList.swift in Sources */ = {isa = PBXBuildFile; fileRef = 63D3B1E51F8FF80D00A4E499 /* UsersList.swift */; };
		63D3B1E81F8FF84200A4E499 /* UsersListCell.swift in Sources */ = {isa = PBXBuildFile; fileRef = 63D3B1E71F8FF84200A4E499 /* UsersListCell.swift */; };
		63D3B1EA1F8FF86900A4E499 /* UsersListCell.xib in Resources */ = {isa = PBXBuildFile; fileRef = 63D3B1E91F8FF86900A4E499 /* UsersListCell.xib */; };
		63D3B1ED1F8FF9AA00A4E499 /* R.generated.swift in Sources */ = {isa = PBXBuildFile; fileRef = 63D3B1EC1F8FF99700A4E499 /* R.generated.swift */; };
		63D3B1EF1F8FFDAB00A4E499 /* PostsList.swift in Sources */ = {isa = PBXBuildFile; fileRef = 63D3B1EE1F8FFDAB00A4E499 /* PostsList.swift */; };
		63D3B1F21F8FFDC800A4E499 /* PostsListCell.swift in Sources */ = {isa = PBXBuildFile; fileRef = 63D3B1F01F8FFDC800A4E499 /* PostsListCell.swift */; };
		63D3B1F31F8FFDC800A4E499 /* PostsListCell.xib in Resources */ = {isa = PBXBuildFile; fileRef = 63D3B1F11F8FFDC800A4E499 /* PostsListCell.xib */; };
		63D3B1F51F8FFF4C00A4E499 /* UsersListNavigationController.swift in Sources */ = {isa = PBXBuildFile; fileRef = 63D3B1F41F8FFF4C00A4E499 /* UsersListNavigationController.swift */; };
		63D3B1F81F8FFFB400A4E499 /* SegueManager.swift in Sources */ = {isa = PBXBuildFile; fileRef = 63D3B1F71F8FFFB400A4E499 /* SegueManager.swift */; };
		63FF0BC01F901F9E00FCC3BD /* FontStyle.swift in Sources */ = {isa = PBXBuildFile; fileRef = 63FF0BBF1F901F9E00FCC3BD /* FontStyle.swift */; };
		63FF0BC21F901FB300FCC3BD /* UILabel+FontStyle.swift in Sources */ = {isa = PBXBuildFile; fileRef = 63FF0BC11F901FB300FCC3BD /* UILabel+FontStyle.swift */; };
		63FF0BC41F901FC900FCC3BD /* NSObject+AssociatedValue.swift in Sources */ = {isa = PBXBuildFile; fileRef = 63FF0BC31F901FC900FCC3BD /* NSObject+AssociatedValue.swift */; };
/* End PBXBuildFile section */

/* Begin PBXContainerItemProxy section */
		6315E38D1F8FDE52009D1E07 /* PBXContainerItemProxy */ = {
			isa = PBXContainerItemProxy;
			containerPortal = 6315E3701F8FDE51009D1E07 /* Project object */;
			proxyType = 1;
			remoteGlobalIDString = 6315E3771F8FDE51009D1E07;
			remoteInfo = Quandoo;
		};
/* End PBXContainerItemProxy section */

/* Begin PBXCopyFilesBuildPhase section */
		6315E3C81F8FEA2D009D1E07 /* CopyFiles */ = {
			isa = PBXCopyFilesBuildPhase;
			buildActionMask = 2147483647;
			dstPath = "";
			dstSubfolderSpec = 10;
			files = (
				6315E3C91F8FEA36009D1E07 /* Rswift.framework in CopyFiles */,
			);
			runOnlyForDeploymentPostprocessing = 0;
		};
		6315E3CB1F8FEA5C009D1E07 /* CopyFiles */ = {
			isa = PBXCopyFilesBuildPhase;
			buildActionMask = 2147483647;
			dstPath = "";
			dstSubfolderSpec = 10;
			files = (
				6315E3CC1F8FEA69009D1E07 /* Rswift.framework in CopyFiles */,
			);
			runOnlyForDeploymentPostprocessing = 0;
		};
/* End PBXCopyFilesBuildPhase section */

/* Begin PBXFileReference section */
		6315E3781F8FDE51009D1E07 /* Quandoo.app */ = {isa = PBXFileReference; explicitFileType = wrapper.application; includeInIndex = 0; path = Quandoo.app; sourceTree = BUILT_PRODUCTS_DIR; };
		6315E37B1F8FDE51009D1E07 /* AppDelegate.swift */ = {isa = PBXFileReference; lastKnownFileType = sourcecode.swift; path = AppDelegate.swift; sourceTree = "<group>"; };
		6315E3821F8FDE51009D1E07 /* Assets.xcassets */ = {isa = PBXFileReference; lastKnownFileType = folder.assetcatalog; path = Assets.xcassets; sourceTree = "<group>"; };
		6315E3871F8FDE51009D1E07 /* Info.plist */ = {isa = PBXFileReference; lastKnownFileType = text.plist.xml; path = Info.plist; sourceTree = "<group>"; };
		6315E38C1F8FDE52009D1E07 /* QuandooTests.xctest */ = {isa = PBXFileReference; explicitFileType = wrapper.cfbundle; includeInIndex = 0; path = QuandooTests.xctest; sourceTree = BUILT_PRODUCTS_DIR; };
		6315E3921F8FDE52009D1E07 /* Info.plist */ = {isa = PBXFileReference; lastKnownFileType = text.plist.xml; path = Info.plist; sourceTree = "<group>"; };
		6315E39C1F8FDEE1009D1E07 /* Users.storyboard */ = {isa = PBXFileReference; lastKnownFileType = file.storyboard; path = Users.storyboard; sourceTree = "<group>"; };
		6315E39D1F8FDEE1009D1E07 /* LaunchScreen.storyboard */ = {isa = PBXFileReference; lastKnownFileType = file.storyboard; path = LaunchScreen.storyboard; sourceTree = "<group>"; };
		6315E3A01F8FDFBB009D1E07 /* User.swift */ = {isa = PBXFileReference; lastKnownFileType = sourcecode.swift; path = User.swift; sourceTree = "<group>"; };
		6315E3A21F8FDFC2009D1E07 /* Post.swift */ = {isa = PBXFileReference; lastKnownFileType = sourcecode.swift; path = Post.swift; sourceTree = "<group>"; };
		6315E3A41F8FE038009D1E07 /* Address.swift */ = {isa = PBXFileReference; lastKnownFileType = sourcecode.swift; path = Address.swift; sourceTree = "<group>"; };
		6315E3A91F8FE0F4009D1E07 /* User.json */ = {isa = PBXFileReference; lastKnownFileType = text.json; path = User.json; sourceTree = "<group>"; };
		6315E3AB1F8FE113009D1E07 /* Post.json */ = {isa = PBXFileReference; lastKnownFileType = text.json; path = Post.json; sourceTree = "<group>"; };
		6315E3B01F8FE170009D1E07 /* Address.json */ = {isa = PBXFileReference; lastKnownFileType = text.json; path = Address.json; sourceTree = "<group>"; };
		6315E3B51F8FE4DA009D1E07 /* Rswift.framework */ = {isa = PBXFileReference; lastKnownFileType = wrapper.framework; name = Rswift.framework; path = Carthage/Build/iOS/Rswift.framework; sourceTree = "<group>"; };
		6315E3B81F8FE7C8009D1E07 /* UserTests.swift */ = {isa = PBXFileReference; lastKnownFileType = sourcecode.swift; path = UserTests.swift; sourceTree = "<group>"; };
		6315E3C31F8FE831009D1E07 /* R.generated.swift */ = {isa = PBXFileReference; lastKnownFileType = sourcecode.swift; path = R.generated.swift; sourceTree = "<group>"; };
		636AB9CE1F900245006192F8 /* Posts.storyboard */ = {isa = PBXFileReference; lastKnownFileType = file.storyboard; path = Posts.storyboard; sourceTree = "<group>"; };
		636AB9D01F900B9B006192F8 /* Main.storyboard */ = {isa = PBXFileReference; lastKnownFileType = file.storyboard; path = Main.storyboard; sourceTree = "<group>"; };
		636AB9D21F900C3A006192F8 /* RootViewController.swift */ = {isa = PBXFileReference; lastKnownFileType = sourcecode.swift; path = RootViewController.swift; sourceTree = "<group>"; };
		636AB9D81F901F2D006192F8 /* StyleProxy.swift */ = {isa = PBXFileReference; lastKnownFileType = sourcecode.swift; path = StyleProxy.swift; sourceTree = "<group>"; };
		63D3B1C51F8FEBC500A4E499 /* AddressTests.swift */ = {isa = PBXFileReference; lastKnownFileType = sourcecode.swift; path = AddressTests.swift; sourceTree = "<group>"; };
		63D3B1C71F8FEC7800A4E499 /* PostTests.swift */ = {isa = PBXFileReference; lastKnownFileType = sourcecode.swift; path = PostTests.swift; sourceTree = "<group>"; };
		63D3B1C91F8FED0D00A4E499 /* UserService.swift */ = {isa = PBXFileReference; lastKnownFileType = sourcecode.swift; path = UserService.swift; sourceTree = "<group>"; };
		63D3B1CB1F8FED4B00A4E499 /* UserRepository.swift */ = {isa = PBXFileReference; lastKnownFileType = sourcecode.swift; path = UserRepository.swift; sourceTree = "<group>"; };
		63D3B1CD1F8FED9F00A4E499 /* PostService.swift */ = {isa = PBXFileReference; lastKnownFileType = sourcecode.swift; path = PostService.swift; sourceTree = "<group>"; };
		63D3B1CF1F8FEDD000A4E499 /* PostRepository.swift */ = {isa = PBXFileReference; lastKnownFileType = sourcecode.swift; path = PostRepository.swift; sourceTree = "<group>"; };
		63D3B1D11F8FEE2700A4E499 /* APIUserRepository.swift */ = {isa = PBXFileReference; lastKnownFileType = sourcecode.swift; path = APIUserRepository.swift; sourceTree = "<group>"; };
		63D3B1D51F8FEE4200A4E499 /* APIPostRepository.swift */ = {isa = PBXFileReference; lastKnownFileType = sourcecode.swift; path = APIPostRepository.swift; sourceTree = "<group>"; };
		63D3B1D71F8FF0BD00A4E499 /* APIUserRepositoryTests.swift */ = {isa = PBXFileReference; lastKnownFileType = sourcecode.swift; path = APIUserRepositoryTests.swift; sourceTree = "<group>"; };
		63D3B1D91F8FF0CB00A4E499 /* APIPostRepositoryTests.swift */ = {isa = PBXFileReference; lastKnownFileType = sourcecode.swift; path = APIPostRepositoryTests.swift; sourceTree = "<group>"; };
		63D3B1DB1F8FF4D500A4E499 /* NetworkSession.swift */ = {isa = PBXFileReference; lastKnownFileType = sourcecode.swift; path = NetworkSession.swift; sourceTree = "<group>"; };
		63D3B1DE1F8FF67400A4E499 /* FileNetworkSession.swift */ = {isa = PBXFileReference; lastKnownFileType = sourcecode.swift; path = FileNetworkSession.swift; sourceTree = "<group>"; };
		63D3B1E51F8FF80D00A4E499 /* UsersList.swift */ = {isa = PBXFileReference; lastKnownFileType = sourcecode.swift; path = UsersList.swift; sourceTree = "<group>"; };
		63D3B1E71F8FF84200A4E499 /* UsersListCell.swift */ = {isa = PBXFileReference; lastKnownFileType = sourcecode.swift; path = UsersListCell.swift; sourceTree = "<group>"; };
		63D3B1E91F8FF86900A4E499 /* UsersListCell.xib */ = {isa = PBXFileReference; lastKnownFileType = file.xib; path = UsersListCell.xib; sourceTree = "<group>"; };
		63D3B1EC1F8FF99700A4E499 /* R.generated.swift */ = {isa = PBXFileReference; lastKnownFileType = sourcecode.swift; path = R.generated.swift; sourceTree = "<group>"; };
		63D3B1EE1F8FFDAB00A4E499 /* PostsList.swift */ = {isa = PBXFileReference; lastKnownFileType = sourcecode.swift; path = PostsList.swift; sourceTree = "<group>"; };
		63D3B1F01F8FFDC800A4E499 /* PostsListCell.swift */ = {isa = PBXFileReference; lastKnownFileType = sourcecode.swift; path = PostsListCell.swift; sourceTree = "<group>"; };
		63D3B1F11F8FFDC800A4E499 /* PostsListCell.xib */ = {isa = PBXFileReference; lastKnownFileType = file.xib; path = PostsListCell.xib; sourceTree = "<group>"; };
		63D3B1F41F8FFF4C00A4E499 /* UsersListNavigationController.swift */ = {isa = PBXFileReference; lastKnownFileType = sourcecode.swift; path = UsersListNavigationController.swift; sourceTree = "<group>"; };
		63D3B1F71F8FFFB400A4E499 /* SegueManager.swift */ = {isa = PBXFileReference; lastKnownFileType = sourcecode.swift; path = SegueManager.swift; sourceTree = "<group>"; };
		63FF0BBF1F901F9E00FCC3BD /* FontStyle.swift */ = {isa = PBXFileReference; lastKnownFileType = sourcecode.swift; path = FontStyle.swift; sourceTree = "<group>"; };
		63FF0BC11F901FB300FCC3BD /* UILabel+FontStyle.swift */ = {isa = PBXFileReference; lastKnownFileType = sourcecode.swift; path = "UILabel+FontStyle.swift"; sourceTree = "<group>"; };
		63FF0BC31F901FC900FCC3BD /* NSObject+AssociatedValue.swift */ = {isa = PBXFileReference; lastKnownFileType = sourcecode.swift; path = "NSObject+AssociatedValue.swift"; sourceTree = "<group>"; };
/* End PBXFileReference section */

/* Begin PBXFrameworksBuildPhase section */
		6315E3751F8FDE51009D1E07 /* Frameworks */ = {
			isa = PBXFrameworksBuildPhase;
			buildActionMask = 2147483647;
			files = (
				6315E3B71F8FE4E9009D1E07 /* Rswift.framework in Frameworks */,
			);
			runOnlyForDeploymentPostprocessing = 0;
		};
		6315E3891F8FDE52009D1E07 /* Frameworks */ = {
			isa = PBXFrameworksBuildPhase;
			buildActionMask = 2147483647;
			files = (
				6315E3B61F8FE4DA009D1E07 /* Rswift.framework in Frameworks */,
			);
			runOnlyForDeploymentPostprocessing = 0;
		};
/* End PBXFrameworksBuildPhase section */

/* Begin PBXGroup section */
		6315E36F1F8FDE51009D1E07 = {
			isa = PBXGroup;
			children = (
				6315E37A1F8FDE51009D1E07 /* Quandoo */,
				6315E38F1F8FDE52009D1E07 /* QuandooTests */,
				6315E3791F8FDE51009D1E07 /* Products */,
				6315E3B41F8FE4DA009D1E07 /* Frameworks */,
			);
			sourceTree = "<group>";
		};
		6315E3791F8FDE51009D1E07 /* Products */ = {
			isa = PBXGroup;
			children = (
				6315E3781F8FDE51009D1E07 /* Quandoo.app */,
				6315E38C1F8FDE52009D1E07 /* QuandooTests.xctest */,
			);
			name = Products;
			sourceTree = "<group>";
		};
		6315E37A1F8FDE51009D1E07 /* Quandoo */ = {
			isa = PBXGroup;
			children = (
				63D3B1EB1F8FF99700A4E499 /* Generated */,
				6315E39F1F8FDEF2009D1E07 /* Data Access Layer */,
				6315E39E1F8FDEEB009D1E07 /* Domain */,
				6315E39B1F8FDE9D009D1E07 /* Application */,
				6315E3821F8FDE51009D1E07 /* Assets.xcassets */,
				6315E3871F8FDE51009D1E07 /* Info.plist */,
			);
			path = Quandoo;
			sourceTree = "<group>";
		};
		6315E38F1F8FDE52009D1E07 /* QuandooTests */ = {
			isa = PBXGroup;
			children = (
				6315E3C21F8FE831009D1E07 /* Generated */,
				6315E3AF1F8FE137009D1E07 /* Application */,
				6315E3AE1F8FE12C009D1E07 /* Data Access Layer */,
				6315E3AD1F8FE121009D1E07 /* Domain */,
				6315E3921F8FDE52009D1E07 /* Info.plist */,
			);
			path = QuandooTests;
			sourceTree = "<group>";
		};
		6315E39B1F8FDE9D009D1E07 /* Application */ = {
			isa = PBXGroup;
			children = (
				6315E37B1F8FDE51009D1E07 /* AppDelegate.swift */,
				6315E39D1F8FDEE1009D1E07 /* LaunchScreen.storyboard */,
				63D3B1F61F8FFFA700A4E499 /* Utils */,
				63D3B1E21F8FF7F600A4E499 /* User stories */,
			);
			path = Application;
			sourceTree = "<group>";
		};
		6315E39E1F8FDEEB009D1E07 /* Domain */ = {
			isa = PBXGroup;
			children = (
				6315E3A01F8FDFBB009D1E07 /* User.swift */,
				6315E3A21F8FDFC2009D1E07 /* Post.swift */,
				6315E3A41F8FE038009D1E07 /* Address.swift */,
				63D3B1C91F8FED0D00A4E499 /* UserService.swift */,
				63D3B1CB1F8FED4B00A4E499 /* UserRepository.swift */,
				63D3B1CD1F8FED9F00A4E499 /* PostService.swift */,
				63D3B1CF1F8FEDD000A4E499 /* PostRepository.swift */,
			);
			path = Domain;
			sourceTree = "<group>";
		};
		6315E39F1F8FDEF2009D1E07 /* Data Access Layer */ = {
			isa = PBXGroup;
			children = (
				63D3B1D11F8FEE2700A4E499 /* APIUserRepository.swift */,
				63D3B1D51F8FEE4200A4E499 /* APIPostRepository.swift */,
				63D3B1DB1F8FF4D500A4E499 /* NetworkSession.swift */,
			);
			path = "Data Access Layer";
			sourceTree = "<group>";
		};
		6315E3A61F8FE0CA009D1E07 /* Payloads */ = {
			isa = PBXGroup;
			children = (
				6315E3A91F8FE0F4009D1E07 /* User.json */,
				6315E3AB1F8FE113009D1E07 /* Post.json */,
				6315E3B01F8FE170009D1E07 /* Address.json */,
			);
			path = Payloads;
			sourceTree = "<group>";
		};
		6315E3AD1F8FE121009D1E07 /* Domain */ = {
			isa = PBXGroup;
			children = (
				6315E3A61F8FE0CA009D1E07 /* Payloads */,
				6315E3B81F8FE7C8009D1E07 /* UserTests.swift */,
				63D3B1C51F8FEBC500A4E499 /* AddressTests.swift */,
				63D3B1C71F8FEC7800A4E499 /* PostTests.swift */,
			);
			path = Domain;
			sourceTree = "<group>";
		};
		6315E3AE1F8FE12C009D1E07 /* Data Access Layer */ = {
			isa = PBXGroup;
			children = (
				63D3B1D71F8FF0BD00A4E499 /* APIUserRepositoryTests.swift */,
				63D3B1D91F8FF0CB00A4E499 /* APIPostRepositoryTests.swift */,
				63D3B1DD1F8FF66900A4E499 /* Utils */,
			);
			path = "Data Access Layer";
			sourceTree = "<group>";
		};
		6315E3AF1F8FE137009D1E07 /* Application */ = {
			isa = PBXGroup;
			children = (
			);
			path = Application;
			sourceTree = "<group>";
		};
		6315E3B41F8FE4DA009D1E07 /* Frameworks */ = {
			isa = PBXGroup;
			children = (
				6315E3B51F8FE4DA009D1E07 /* Rswift.framework */,
			);
			name = Frameworks;
			sourceTree = "<group>";
		};
		6315E3C21F8FE831009D1E07 /* Generated */ = {
			isa = PBXGroup;
			children = (
				6315E3C31F8FE831009D1E07 /* R.generated.swift */,
			);
			path = Generated;
			sourceTree = "<group>";
		};
		63D3B1DD1F8FF66900A4E499 /* Utils */ = {
			isa = PBXGroup;
			children = (
				63D3B1DE1F8FF67400A4E499 /* FileNetworkSession.swift */,
			);
			path = Utils;
			sourceTree = "<group>";
		};
		63D3B1E21F8FF7F600A4E499 /* User stories */ = {
			isa = PBXGroup;
			children = (
				636AB9D01F900B9B006192F8 /* Main.storyboard */,
				636AB9D21F900C3A006192F8 /* RootViewController.swift */,
				63D3B1E41F8FF80100A4E499 /* Posts */,
				63D3B1E31F8FF7FC00A4E499 /* Users */,
			);
			path = "User stories";
			sourceTree = "<group>";
		};
		63D3B1E31F8FF7FC00A4E499 /* Users */ = {
			isa = PBXGroup;
			children = (
				6315E39C1F8FDEE1009D1E07 /* Users.storyboard */,
				63D3B1E51F8FF80D00A4E499 /* UsersList.swift */,
				63D3B1E71F8FF84200A4E499 /* UsersListCell.swift */,
				63D3B1E91F8FF86900A4E499 /* UsersListCell.xib */,
				63D3B1F41F8FFF4C00A4E499 /* UsersListNavigationController.swift */,
			);
			path = Users;
			sourceTree = "<group>";
		};
		63D3B1E41F8FF80100A4E499 /* Posts */ = {
			isa = PBXGroup;
			children = (
				636AB9CE1F900245006192F8 /* Posts.storyboard */,
				63D3B1EE1F8FFDAB00A4E499 /* PostsList.swift */,
				63D3B1F01F8FFDC800A4E499 /* PostsListCell.swift */,
				63D3B1F11F8FFDC800A4E499 /* PostsListCell.xib */,
			);
			path = Posts;
			sourceTree = "<group>";
		};
		63D3B1EB1F8FF99700A4E499 /* Generated */ = {
			isa = PBXGroup;
			children = (
				63D3B1EC1F8FF99700A4E499 /* R.generated.swift */,
			);
			path = Generated;
			sourceTree = "<group>";
		};
		63D3B1F61F8FFFA700A4E499 /* Utils */ = {
			isa = PBXGroup;
			children = (
				63D3B1F71F8FFFB400A4E499 /* SegueManager.swift */,
				636AB9D81F901F2D006192F8 /* StyleProxy.swift */,
				63FF0BBF1F901F9E00FCC3BD /* FontStyle.swift */,
				63FF0BC11F901FB300FCC3BD /* UILabel+FontStyle.swift */,
				63FF0BC31F901FC900FCC3BD /* NSObject+AssociatedValue.swift */,
			);
			path = Utils;
			sourceTree = "<group>";
		};
/* End PBXGroup section */

/* Begin PBXNativeTarget section */
		6315E3771F8FDE51009D1E07 /* Quandoo */ = {
			isa = PBXNativeTarget;
			buildConfigurationList = 6315E3951F8FDE52009D1E07 /* Build configuration list for PBXNativeTarget "Quandoo" */;
			buildPhases = (
				6315E3B21F8FE301009D1E07 /* Run R.swift */,
				6315E3741F8FDE51009D1E07 /* Sources */,
				6315E3751F8FDE51009D1E07 /* Frameworks */,
				6315E3761F8FDE51009D1E07 /* Resources */,
				6315E3CB1F8FEA5C009D1E07 /* CopyFiles */,
			);
			buildRules = (
			);
			dependencies = (
			);
			name = Quandoo;
			productName = Quandoo;
			productReference = 6315E3781F8FDE51009D1E07 /* Quandoo.app */;
			productType = "com.apple.product-type.application";
		};
		6315E38B1F8FDE52009D1E07 /* QuandooTests */ = {
			isa = PBXNativeTarget;
			buildConfigurationList = 6315E3981F8FDE52009D1E07 /* Build configuration list for PBXNativeTarget "QuandooTests" */;
			buildPhases = (
				6315E3B31F8FE333009D1E07 /* Run R.swift */,
				6315E3881F8FDE52009D1E07 /* Sources */,
				6315E3891F8FDE52009D1E07 /* Frameworks */,
				6315E38A1F8FDE52009D1E07 /* Resources */,
				6315E3C81F8FEA2D009D1E07 /* CopyFiles */,
			);
			buildRules = (
			);
			dependencies = (
				6315E38E1F8FDE52009D1E07 /* PBXTargetDependency */,
			);
			name = QuandooTests;
			productName = QuandooTests;
			productReference = 6315E38C1F8FDE52009D1E07 /* QuandooTests.xctest */;
			productType = "com.apple.product-type.bundle.unit-test";
		};
/* End PBXNativeTarget section */

/* Begin PBXProject section */
		6315E3701F8FDE51009D1E07 /* Project object */ = {
			isa = PBXProject;
			attributes = {
				LastSwiftUpdateCheck = 0900;
				LastUpgradeCheck = 0900;
				ORGANIZATIONNAME = "Ilya Puchka";
				TargetAttributes = {
					6315E3771F8FDE51009D1E07 = {
						CreatedOnToolsVersion = 9.0;
						ProvisioningStyle = Automatic;
					};
					6315E38B1F8FDE52009D1E07 = {
						CreatedOnToolsVersion = 9.0;
						LastSwiftMigration = 0900;
						ProvisioningStyle = Automatic;
						TestTargetID = 6315E3771F8FDE51009D1E07;
					};
				};
			};
			buildConfigurationList = 6315E3731F8FDE51009D1E07 /* Build configuration list for PBXProject "Quandoo" */;
			compatibilityVersion = "Xcode 8.0";
			developmentRegion = en;
			hasScannedForEncodings = 0;
			knownRegions = (
				en,
				Base,
			);
			mainGroup = 6315E36F1F8FDE51009D1E07;
			productRefGroup = 6315E3791F8FDE51009D1E07 /* Products */;
			projectDirPath = "";
			projectRoot = "";
			targets = (
				6315E3771F8FDE51009D1E07 /* Quandoo */,
				6315E38B1F8FDE52009D1E07 /* QuandooTests */,
			);
		};
/* End PBXProject section */

/* Begin PBXResourcesBuildPhase section */
		6315E3761F8FDE51009D1E07 /* Resources */ = {
			isa = PBXResourcesBuildPhase;
			buildActionMask = 2147483647;
			files = (
				636AB9D11F900B9B006192F8 /* Main.storyboard in Resources */,
				63D3B1EA1F8FF86900A4E499 /* UsersListCell.xib in Resources */,
				6315E3CE1F8FEAAA009D1E07 /* LaunchScreen.storyboard in Resources */,
				63D3B1F31F8FFDC800A4E499 /* PostsListCell.xib in Resources */,
				6315E3831F8FDE51009D1E07 /* Assets.xcassets in Resources */,
				6315E3CD1F8FEAA7009D1E07 /* Users.storyboard in Resources */,
				636AB9CF1F900245006192F8 /* Posts.storyboard in Resources */,
			);
			runOnlyForDeploymentPostprocessing = 0;
		};
		6315E38A1F8FDE52009D1E07 /* Resources */ = {
			isa = PBXResourcesBuildPhase;
			buildActionMask = 2147483647;
			files = (
				6315E3AA1F8FE0F4009D1E07 /* User.json in Resources */,
				6315E3B11F8FE170009D1E07 /* Address.json in Resources */,
				6315E3AC1F8FE113009D1E07 /* Post.json in Resources */,
			);
			runOnlyForDeploymentPostprocessing = 0;
		};
/* End PBXResourcesBuildPhase section */

/* Begin PBXShellScriptBuildPhase section */
		6315E3B21F8FE301009D1E07 /* Run R.swift */ = {
			isa = PBXShellScriptBuildPhase;
			buildActionMask = 2147483647;
			files = (
			);
			inputPaths = (
			);
			name = "Run R.swift";
			outputPaths = (
			);
			runOnlyForDeploymentPostprocessing = 0;
			shellPath = /bin/sh;
			shellScript = "\"Utils/Rswift/rswift\" generate \"$SRCROOT/$TARGET_NAME/Generated\"";
		};
		6315E3B31F8FE333009D1E07 /* Run R.swift */ = {
			isa = PBXShellScriptBuildPhase;
			buildActionMask = 2147483647;
			files = (
			);
			inputPaths = (
			);
			name = "Run R.swift";
			outputPaths = (
			);
			runOnlyForDeploymentPostprocessing = 0;
			shellPath = /bin/sh;
			shellScript = "\"Utils/Rswift/rswift\" generate \"$SRCROOT/$TARGET_NAME/Generated\"";
		};
/* End PBXShellScriptBuildPhase section */

/* Begin PBXSourcesBuildPhase section */
		6315E3741F8FDE51009D1E07 /* Sources */ = {
			isa = PBXSourcesBuildPhase;
			buildActionMask = 2147483647;
			files = (
				6315E37C1F8FDE51009D1E07 /* AppDelegate.swift in Sources */,
				63D3B1EF1F8FFDAB00A4E499 /* PostsList.swift in Sources */,
				636AB9D31F900C3A006192F8 /* RootViewController.swift in Sources */,
				63D3B1ED1F8FF9AA00A4E499 /* R.generated.swift in Sources */,
				63D3B1F21F8FFDC800A4E499 /* PostsListCell.swift in Sources */,
				63D3B1CA1F8FED0D00A4E499 /* UserService.swift in Sources */,
				63FF0BC41F901FC900FCC3BD /* NSObject+AssociatedValue.swift in Sources */,
				63D3B1E81F8FF84200A4E499 /* UsersListCell.swift in Sources */,
				63D3B1D21F8FEE2700A4E499 /* APIUserRepository.swift in Sources */,
				63D3B1CE1F8FED9F00A4E499 /* PostService.swift in Sources */,
				63D3B1E61F8FF80D00A4E499 /* UsersList.swift in Sources */,
				63D3B1D61F8FEE4200A4E499 /* APIPostRepository.swift in Sources */,
				636AB9D91F901F2D006192F8 /* StyleProxy.swift in Sources */,
				63D3B1CC1F8FED4B00A4E499 /* UserRepository.swift in Sources */,
				6315E3A11F8FDFBB009D1E07 /* User.swift in Sources */,
				6315E3A31F8FDFC2009D1E07 /* Post.swift in Sources */,
				63D3B1DC1F8FF4D500A4E499 /* NetworkSession.swift in Sources */,
				63D3B1D01F8FEDD000A4E499 /* PostRepository.swift in Sources */,
				63D3B1F51F8FFF4C00A4E499 /* UsersListNavigationController.swift in Sources */,
				6315E3A51F8FE038009D1E07 /* Address.swift in Sources */,
				63D3B1F81F8FFFB400A4E499 /* SegueManager.swift in Sources */,
				63FF0BC01F901F9E00FCC3BD /* FontStyle.swift in Sources */,
				63FF0BC21F901FB300FCC3BD /* UILabel+FontStyle.swift in Sources */,
			);
			runOnlyForDeploymentPostprocessing = 0;
		};
		6315E3881F8FDE52009D1E07 /* Sources */ = {
			isa = PBXSourcesBuildPhase;
			buildActionMask = 2147483647;
			files = (
				6315E3B91F8FE7C8009D1E07 /* UserTests.swift in Sources */,
				6315E3C41F8FE877009D1E07 /* R.generated.swift in Sources */,
				63D3B1DF1F8FF67400A4E499 /* FileNetworkSession.swift in Sources */,
				63D3B1C61F8FEBC500A4E499 /* AddressTests.swift in Sources */,
				63D3B1D81F8FF0BD00A4E499 /* APIUserRepositoryTests.swift in Sources */,
				63D3B1DA1F8FF0CB00A4E499 /* APIPostRepositoryTests.swift in Sources */,
				63D3B1C81F8FEC7800A4E499 /* PostTests.swift in Sources */,
			);
			runOnlyForDeploymentPostprocessing = 0;
		};
/* End PBXSourcesBuildPhase section */

/* Begin PBXTargetDependency section */
		6315E38E1F8FDE52009D1E07 /* PBXTargetDependency */ = {
			isa = PBXTargetDependency;
			target = 6315E3771F8FDE51009D1E07 /* Quandoo */;
			targetProxy = 6315E38D1F8FDE52009D1E07 /* PBXContainerItemProxy */;
		};
/* End PBXTargetDependency section */

/* Begin XCBuildConfiguration section */
		6315E3931F8FDE52009D1E07 /* Debug */ = {
			isa = XCBuildConfiguration;
			buildSettings = {
				ALWAYS_SEARCH_USER_PATHS = NO;
				CLANG_ANALYZER_NONNULL = YES;
				CLANG_ANALYZER_NUMBER_OBJECT_CONVERSION = YES_AGGRESSIVE;
				CLANG_CXX_LANGUAGE_STANDARD = "gnu++14";
				CLANG_CXX_LIBRARY = "libc++";
				CLANG_ENABLE_MODULES = YES;
				CLANG_ENABLE_OBJC_ARC = YES;
				CLANG_WARN_BLOCK_CAPTURE_AUTORELEASING = YES;
				CLANG_WARN_BOOL_CONVERSION = YES;
				CLANG_WARN_COMMA = YES;
				CLANG_WARN_CONSTANT_CONVERSION = YES;
				CLANG_WARN_DIRECT_OBJC_ISA_USAGE = YES_ERROR;
				CLANG_WARN_DOCUMENTATION_COMMENTS = YES;
				CLANG_WARN_EMPTY_BODY = YES;
				CLANG_WARN_ENUM_CONVERSION = YES;
				CLANG_WARN_INFINITE_RECURSION = YES;
				CLANG_WARN_INT_CONVERSION = YES;
				CLANG_WARN_NON_LITERAL_NULL_CONVERSION = YES;
				CLANG_WARN_OBJC_LITERAL_CONVERSION = YES;
				CLANG_WARN_OBJC_ROOT_CLASS = YES_ERROR;
				CLANG_WARN_RANGE_LOOP_ANALYSIS = YES;
				CLANG_WARN_STRICT_PROTOTYPES = YES;
				CLANG_WARN_SUSPICIOUS_MOVE = YES;
				CLANG_WARN_UNGUARDED_AVAILABILITY = YES_AGGRESSIVE;
				CLANG_WARN_UNREACHABLE_CODE = YES;
				CLANG_WARN__DUPLICATE_METHOD_MATCH = YES;
				CODE_SIGN_IDENTITY = "iPhone Developer";
				COPY_PHASE_STRIP = NO;
				DEBUG_INFORMATION_FORMAT = dwarf;
				ENABLE_STRICT_OBJC_MSGSEND = YES;
				ENABLE_TESTABILITY = YES;
				FRAMEWORK_SEARCH_PATHS = "$(PROJECT_DIR)/Carthage/Build/iOS";
				GCC_C_LANGUAGE_STANDARD = gnu11;
				GCC_DYNAMIC_NO_PIC = NO;
				GCC_NO_COMMON_BLOCKS = YES;
				GCC_OPTIMIZATION_LEVEL = 0;
				GCC_PREPROCESSOR_DEFINITIONS = (
					"DEBUG=1",
					"$(inherited)",
				);
				GCC_WARN_64_TO_32_BIT_CONVERSION = YES;
				GCC_WARN_ABOUT_RETURN_TYPE = YES_ERROR;
				GCC_WARN_UNDECLARED_SELECTOR = YES;
				GCC_WARN_UNINITIALIZED_AUTOS = YES_AGGRESSIVE;
				GCC_WARN_UNUSED_FUNCTION = YES;
				GCC_WARN_UNUSED_VARIABLE = YES;
				IPHONEOS_DEPLOYMENT_TARGET = 11.0;
				MTL_ENABLE_DEBUG_INFO = YES;
				ONLY_ACTIVE_ARCH = YES;
				SDKROOT = iphoneos;
				SWIFT_ACTIVE_COMPILATION_CONDITIONS = DEBUG;
				SWIFT_OPTIMIZATION_LEVEL = "-Onone";
			};
			name = Debug;
		};
		6315E3941F8FDE52009D1E07 /* Release */ = {
			isa = XCBuildConfiguration;
			buildSettings = {
				ALWAYS_SEARCH_USER_PATHS = NO;
				CLANG_ANALYZER_NONNULL = YES;
				CLANG_ANALYZER_NUMBER_OBJECT_CONVERSION = YES_AGGRESSIVE;
				CLANG_CXX_LANGUAGE_STANDARD = "gnu++14";
				CLANG_CXX_LIBRARY = "libc++";
				CLANG_ENABLE_MODULES = YES;
				CLANG_ENABLE_OBJC_ARC = YES;
				CLANG_WARN_BLOCK_CAPTURE_AUTORELEASING = YES;
				CLANG_WARN_BOOL_CONVERSION = YES;
				CLANG_WARN_COMMA = YES;
				CLANG_WARN_CONSTANT_CONVERSION = YES;
				CLANG_WARN_DIRECT_OBJC_ISA_USAGE = YES_ERROR;
				CLANG_WARN_DOCUMENTATION_COMMENTS = YES;
				CLANG_WARN_EMPTY_BODY = YES;
				CLANG_WARN_ENUM_CONVERSION = YES;
				CLANG_WARN_INFINITE_RECURSION = YES;
				CLANG_WARN_INT_CONVERSION = YES;
				CLANG_WARN_NON_LITERAL_NULL_CONVERSION = YES;
				CLANG_WARN_OBJC_LITERAL_CONVERSION = YES;
				CLANG_WARN_OBJC_ROOT_CLASS = YES_ERROR;
				CLANG_WARN_RANGE_LOOP_ANALYSIS = YES;
				CLANG_WARN_STRICT_PROTOTYPES = YES;
				CLANG_WARN_SUSPICIOUS_MOVE = YES;
				CLANG_WARN_UNGUARDED_AVAILABILITY = YES_AGGRESSIVE;
				CLANG_WARN_UNREACHABLE_CODE = YES;
				CLANG_WARN__DUPLICATE_METHOD_MATCH = YES;
				CODE_SIGN_IDENTITY = "iPhone Developer";
				COPY_PHASE_STRIP = NO;
				DEBUG_INFORMATION_FORMAT = "dwarf-with-dsym";
				ENABLE_NS_ASSERTIONS = NO;
				ENABLE_STRICT_OBJC_MSGSEND = YES;
				FRAMEWORK_SEARCH_PATHS = "$(PROJECT_DIR)/Carthage/Build/iOS";
				GCC_C_LANGUAGE_STANDARD = gnu11;
				GCC_NO_COMMON_BLOCKS = YES;
				GCC_WARN_64_TO_32_BIT_CONVERSION = YES;
				GCC_WARN_ABOUT_RETURN_TYPE = YES_ERROR;
				GCC_WARN_UNDECLARED_SELECTOR = YES;
				GCC_WARN_UNINITIALIZED_AUTOS = YES_AGGRESSIVE;
				GCC_WARN_UNUSED_FUNCTION = YES;
				GCC_WARN_UNUSED_VARIABLE = YES;
				IPHONEOS_DEPLOYMENT_TARGET = 11.0;
				MTL_ENABLE_DEBUG_INFO = NO;
				SDKROOT = iphoneos;
				SWIFT_OPTIMIZATION_LEVEL = "-Owholemodule";
				VALIDATE_PRODUCT = YES;
			};
			name = Release;
		};
		6315E3961F8FDE52009D1E07 /* Debug */ = {
			isa = XCBuildConfiguration;
			buildSettings = {
				ASSETCATALOG_COMPILER_APPICON_NAME = AppIcon;
				CODE_SIGN_STYLE = Automatic;
				DEVELOPMENT_TEAM = 4LTD6LARKC;
				INFOPLIST_FILE = Quandoo/Info.plist;
				LD_RUNPATH_SEARCH_PATHS = "$(inherited) @executable_path/Frameworks";
				PRODUCT_BUNDLE_IDENTIFIER = ilya.puchka.Quandoo;
				PRODUCT_NAME = "$(TARGET_NAME)";
				SWIFT_VERSION = 4.0;
				TARGETED_DEVICE_FAMILY = "1,2";
			};
			name = Debug;
		};
		6315E3971F8FDE52009D1E07 /* Release */ = {
			isa = XCBuildConfiguration;
			buildSettings = {
				ASSETCATALOG_COMPILER_APPICON_NAME = AppIcon;
				CODE_SIGN_STYLE = Automatic;
				DEVELOPMENT_TEAM = 4LTD6LARKC;
				INFOPLIST_FILE = Quandoo/Info.plist;
				LD_RUNPATH_SEARCH_PATHS = "$(inherited) @executable_path/Frameworks";
				PRODUCT_BUNDLE_IDENTIFIER = ilya.puchka.Quandoo;
				PRODUCT_NAME = "$(TARGET_NAME)";
				SWIFT_VERSION = 4.0;
				TARGETED_DEVICE_FAMILY = "1,2";
			};
			name = Release;
		};
		6315E3991F8FDE52009D1E07 /* Debug */ = {
			isa = XCBuildConfiguration;
			buildSettings = {
				ALWAYS_EMBED_SWIFT_STANDARD_LIBRARIES = YES;
				BUNDLE_LOADER = "$(TEST_HOST)";
				CLANG_ENABLE_MODULES = YES;
				CODE_SIGN_STYLE = Automatic;
				DEVELOPMENT_TEAM = 4LTD6LARKC;
				INFOPLIST_FILE = QuandooTests/Info.plist;
				LD_RUNPATH_SEARCH_PATHS = "$(inherited) @executable_path/Frameworks @loader_path/Frameworks";
				PRODUCT_BUNDLE_IDENTIFIER = ilya.puchka.QuandooTests;
				PRODUCT_NAME = "$(TARGET_NAME)";
				SWIFT_OPTIMIZATION_LEVEL = "-Onone";
				SWIFT_VERSION = 4.0;
				TARGETED_DEVICE_FAMILY = "1,2";
				TEST_HOST = "$(BUILT_PRODUCTS_DIR)/Quandoo.app/Quandoo";
			};
			name = Debug;
		};
		6315E39A1F8FDE52009D1E07 /* Release */ = {
			isa = XCBuildConfiguration;
			buildSettings = {
				ALWAYS_EMBED_SWIFT_STANDARD_LIBRARIES = YES;
				BUNDLE_LOADER = "$(TEST_HOST)";
				CLANG_ENABLE_MODULES = YES;
				CODE_SIGN_STYLE = Automatic;
				DEVELOPMENT_TEAM = 4LTD6LARKC;
				INFOPLIST_FILE = QuandooTests/Info.plist;
				LD_RUNPATH_SEARCH_PATHS = "$(inherited) @executable_path/Frameworks @loader_path/Frameworks";
				PRODUCT_BUNDLE_IDENTIFIER = ilya.puchka.QuandooTests;
				PRODUCT_NAME = "$(TARGET_NAME)";
				SWIFT_VERSION = 4.0;
				TARGETED_DEVICE_FAMILY = "1,2";
				TEST_HOST = "$(BUILT_PRODUCTS_DIR)/Quandoo.app/Quandoo";
			};
			name = Release;
		};
/* End XCBuildConfiguration section */

/* Begin XCConfigurationList section */
		6315E3731F8FDE51009D1E07 /* Build configuration list for PBXProject "Quandoo" */ = {
			isa = XCConfigurationList;
			buildConfigurations = (
				6315E3931F8FDE52009D1E07 /* Debug */,
				6315E3941F8FDE52009D1E07 /* Release */,
			);
			defaultConfigurationIsVisible = 0;
			defaultConfigurationName = Release;
		};
		6315E3951F8FDE52009D1E07 /* Build configuration list for PBXNativeTarget "Quandoo" */ = {
			isa = XCConfigurationList;
			buildConfigurations = (
				6315E3961F8FDE52009D1E07 /* Debug */,
				6315E3971F8FDE52009D1E07 /* Release */,
			);
			defaultConfigurationIsVisible = 0;
			defaultConfigurationName = Release;
		};
		6315E3981F8FDE52009D1E07 /* Build configuration list for PBXNativeTarget "QuandooTests" */ = {
			isa = XCConfigurationList;
			buildConfigurations = (
				6315E3991F8FDE52009D1E07 /* Debug */,
				6315E39A1F8FDE52009D1E07 /* Release */,
			);
			defaultConfigurationIsVisible = 0;
			defaultConfigurationName = Release;
		};
/* End XCConfigurationList section */
	};
	rootObject = 6315E3701F8FDE51009D1E07 /* Project object */;
}
